// !$*UTF8*$!
{
	archiveVersion = 1;
	classes = {
	};
	objectVersion = 51;
	objects = {

/* Begin PBXBuildFile section */
		7A5B9540736831D5C96BD1EA /* Pods_starcc.framework in Frameworks */ = {isa = PBXBuildFile; fileRef = AFD41BEF879658529BA9023C /* Pods_starcc.framework */; };
		B77E403A243439E20045EF61 /* AppDelegate.swift in Sources */ = {isa = PBXBuildFile; fileRef = B77E4039243439E20045EF61 /* AppDelegate.swift */; };
		B77E403C243439E20045EF61 /* SceneDelegate.swift in Sources */ = {isa = PBXBuildFile; fileRef = B77E403B243439E20045EF61 /* SceneDelegate.swift */; };
		B77E403E243439E20045EF61 /* ViewController.swift in Sources */ = {isa = PBXBuildFile; fileRef = B77E403D243439E20045EF61 /* ViewController.swift */; };
		B77E4041243439E20045EF61 /* Main.storyboard in Resources */ = {isa = PBXBuildFile; fileRef = B77E403F243439E20045EF61 /* Main.storyboard */; };
		B77E4043243439E30045EF61 /* Assets.xcassets in Resources */ = {isa = PBXBuildFile; fileRef = B77E4042243439E30045EF61 /* Assets.xcassets */; };
		B77E4046243439E30045EF61 /* LaunchScreen.storyboard in Resources */ = {isa = PBXBuildFile; fileRef = B77E4044243439E30045EF61 /* LaunchScreen.storyboard */; };
/* End PBXBuildFile section */

/* Begin PBXFileReference section */
		36319FCC20BFA99066BDB658 /* Pods-starcc.release.xcconfig */ = {isa = PBXFileReference; includeInIndex = 1; lastKnownFileType = text.xcconfig; name = "Pods-starcc.release.xcconfig"; path = "Target Support Files/Pods-starcc/Pods-starcc.release.xcconfig"; sourceTree = "<group>"; };
		5BDAFEA4F0BF565A10721B6A /* Pods-starcc.debug.xcconfig */ = {isa = PBXFileReference; includeInIndex = 1; lastKnownFileType = text.xcconfig; name = "Pods-starcc.debug.xcconfig"; path = "Target Support Files/Pods-starcc/Pods-starcc.debug.xcconfig"; sourceTree = "<group>"; };
		AFD41BEF879658529BA9023C /* Pods_starcc.framework */ = {isa = PBXFileReference; explicitFileType = wrapper.framework; includeInIndex = 0; path = Pods_starcc.framework; sourceTree = BUILT_PRODUCTS_DIR; };
		B77E4036243439E20045EF61 /* starcc.app */ = {isa = PBXFileReference; explicitFileType = wrapper.application; includeInIndex = 0; path = starcc.app; sourceTree = BUILT_PRODUCTS_DIR; };
		B77E4039243439E20045EF61 /* AppDelegate.swift */ = {isa = PBXFileReference; lastKnownFileType = sourcecode.swift; path = AppDelegate.swift; sourceTree = "<group>"; };
		B77E403B243439E20045EF61 /* SceneDelegate.swift */ = {isa = PBXFileReference; lastKnownFileType = sourcecode.swift; path = SceneDelegate.swift; sourceTree = "<group>"; };
		B77E403D243439E20045EF61 /* ViewController.swift */ = {isa = PBXFileReference; lastKnownFileType = sourcecode.swift; path = ViewController.swift; sourceTree = "<group>"; };
		B77E4040243439E20045EF61 /* Base */ = {isa = PBXFileReference; lastKnownFileType = file.storyboard; name = Base; path = Base.lproj/Main.storyboard; sourceTree = "<group>"; };
		B77E4042243439E30045EF61 /* Assets.xcassets */ = {isa = PBXFileReference; lastKnownFileType = folder.assetcatalog; path = Assets.xcassets; sourceTree = "<group>"; };
		B77E4045243439E30045EF61 /* Base */ = {isa = PBXFileReference; lastKnownFileType = file.storyboard; name = Base; path = Base.lproj/LaunchScreen.storyboard; sourceTree = "<group>"; };
		B77E4047243439E30045EF61 /* Info.plist */ = {isa = PBXFileReference; lastKnownFileType = text.plist.xml; path = Info.plist; sourceTree = "<group>"; };
/* End PBXFileReference section */

/* Begin PBXFrameworksBuildPhase section */
		B77E4033243439E20045EF61 /* Frameworks */ = {
			isa = PBXFrameworksBuildPhase;
			buildActionMask = 2147483647;
			files = (
				7A5B9540736831D5C96BD1EA /* Pods_starcc.framework in Frameworks */,
			);
			runOnlyForDeploymentPostprocessing = 0;
		};
/* End PBXFrameworksBuildPhase section */

/* Begin PBXGroup section */
		143E7577A6CD37D211F5E271 /* Frameworks */ = {
			isa = PBXGroup;
			children = (
				AFD41BEF879658529BA9023C /* Pods_starcc.framework */,
			);
			name = Frameworks;
			sourceTree = "<group>";
		};
		A729777B26B98B43DE62331E /* Pods */ = {
			isa = PBXGroup;
			children = (
				5BDAFEA4F0BF565A10721B6A /* Pods-starcc.debug.xcconfig */,
				36319FCC20BFA99066BDB658 /* Pods-starcc.release.xcconfig */,
			);
			path = Pods;
			sourceTree = "<group>";
		};
		B77E402D243439E20045EF61 = {
			isa = PBXGroup;
			children = (
				B77E4038243439E20045EF61 /* starcc */,
				B77E4037243439E20045EF61 /* Products */,
				A729777B26B98B43DE62331E /* Pods */,
				143E7577A6CD37D211F5E271 /* Frameworks */,
			);
			sourceTree = "<group>";
		};
		B77E4037243439E20045EF61 /* Products */ = {
			isa = PBXGroup;
			children = (
				B77E4036243439E20045EF61 /* starcc.app */,
			);
			name = Products;
			sourceTree = "<group>";
		};
		B77E4038243439E20045EF61 /* starcc */ = {
			isa = PBXGroup;
			children = (
				B77E4039243439E20045EF61 /* AppDelegate.swift */,
				B77E403B243439E20045EF61 /* SceneDelegate.swift */,
				B77E403D243439E20045EF61 /* ViewController.swift */,
				B77E403F243439E20045EF61 /* Main.storyboard */,
				B77E4042243439E30045EF61 /* Assets.xcassets */,
				B77E4044243439E30045EF61 /* LaunchScreen.storyboard */,
					B77E4047243439E30045EF61 /* Info.plist */,
			);
			path = starcc;
			sourceTree = "<group>";
		};
/* End PBXGroup section */

/* Begin PBXNativeTarget section */
		B77E4035243439E20045EF61 /* starcc */ = {
			isa = PBXNativeTarget;
			buildConfigurationList = B77E404A243439E30045EF61 /* Build configuration list for PBXNativeTarget "starcc" */;
			buildPhases = (
				FA14E528FB92CAA94A9CF3F7 /* [CP] Check Pods Manifest.lock */,
				B77E4032243439E20045EF61 /* Sources */,
				B77E4033243439E20045EF61 /* Frameworks */,
				B77E4034243439E20045EF61 /* Resources */,
				529D201BD63CF5A70A071B63 /* [CP] Embed Pods Frameworks */,
			);
			buildRules = (
			);
			dependencies = (
			);
			name = starcc;
			productName = starcc;
			productReference = B77E4036243439E20045EF61 /* starcc.app */;
			productType = "com.apple.product-type.application";
		};
/* End PBXNativeTarget section */

/* Begin PBXProject section */
		B77E402E243439E20045EF61 /* Project object */ = {
			isa = PBXProject;
			attributes = {
				LastSwiftUpdateCheck = 1140;
				LastUpgradeCheck = 1140;
				ORGANIZATIONNAME = "무노스";
				TargetAttributes = {
					B77E4035243439E20045EF61 = {
						CreatedOnToolsVersion = 11.4;
					};
				};
			};
			buildConfigurationList = B77E4031243439E20045EF61 /* Build configuration list for PBXProject "starcc" */;
			compatibilityVersion = "Xcode 9.3";
			developmentRegion = en;
			hasScannedForEncodings = 0;
			knownRegions = (
				en,
				Base,
			);
			mainGroup = B77E402D243439E20045EF61;
			productRefGroup = B77E4037243439E20045EF61 /* Products */;
			projectDirPath = "";
			projectRoot = "";
			targets = (
				B77E4035243439E20045EF61 /* starcc */,
			);
		};
/* End PBXProject section */

/* Begin PBXResourcesBuildPhase section */
		B77E4034243439E20045EF61 /* Resources */ = {
			isa = PBXResourcesBuildPhase;
			buildActionMask = 2147483647;
			files = (
				B77E4046243439E30045EF61 /* LaunchScreen.storyboard in Resources */,
					B77E4043243439E30045EF61 /* Assets.xcassets in Resources */,
				B77E4041243439E20045EF61 /* Main.storyboard in Resources */,
			);
			runOnlyForDeploymentPostprocessing = 0;
		};
/* End PBXResourcesBuildPhase section */

/* Begin PBXShellScriptBuildPhase section */
		529D201BD63CF5A70A071B63 /* [CP] Embed Pods Frameworks */ = {
			isa = PBXShellScriptBuildPhase;
			buildActionMask = 2147483647;
			files = (
			);
			inputFileListPaths = (
				"${PODS_ROOT}/Target Support Files/Pods-starcc/Pods-starcc-frameworks-${CONFIGURATION}-input-files.xcfilelist",
			);
			name = "[CP] Embed Pods Frameworks";
			outputFileListPaths = (
				"${PODS_ROOT}/Target Support Files/Pods-starcc/Pods-starcc-frameworks-${CONFIGURATION}-output-files.xcfilelist",
			);
			runOnlyForDeploymentPostprocessing = 0;
			shellPath = /bin/sh;
			shellScript = "\"${PODS_ROOT}/Target Support Files/Pods-starcc/Pods-starcc-frameworks.sh\"\n";
			showEnvVarsInLog = 0;
		};
		FA14E528FB92CAA94A9CF3F7 /* [CP] Check Pods Manifest.lock */ = {
			isa = PBXShellScriptBuildPhase;
			buildActionMask = 2147483647;
			files = (
			);
			inputFileListPaths = (
			);
			inputPaths = (
				"${PODS_PODFILE_DIR_PATH}/Podfile.lock",
				"${PODS_ROOT}/Manifest.lock",
			);
			name = "[CP] Check Pods Manifest.lock";
			outputFileListPaths = (
			);
			outputPaths = (
				"$(DERIVED_FILE_DIR)/Pods-starcc-checkManifestLockResult.txt",
			);
			runOnlyForDeploymentPostprocessing = 0;
			shellPath = /bin/sh;
			shellScript = "diff \"${PODS_PODFILE_DIR_PATH}/Podfile.lock\" \"${PODS_ROOT}/Manifest.lock\" > /dev/null\nif [ $? != 0 ] ; then\n    # print error to STDERR\n    echo \"error: The sandbox is not in sync with the Podfile.lock. Run 'pod install' or update your CocoaPods installation.\" >&2\n    exit 1\nfi\n# This output is used by Xcode 'outputs' to avoid re-running this script phase.\necho \"SUCCESS\" > \"${SCRIPT_OUTPUT_FILE_0}\"\n";
			showEnvVarsInLog = 0;
		};
/* End PBXShellScriptBuildPhase section */

/* Begin PBXSourcesBuildPhase section */
		B77E4032243439E20045EF61 /* Sources */ = {
			isa = PBXSourcesBuildPhase;
			buildActionMask = 2147483647;
			files = (
				B77E403E243439E20045EF61 /* ViewController.swift in Sources */,
				B77E403A243439E20045EF61 /* AppDelegate.swift in Sources */,
				B77E403C243439E20045EF61 /* SceneDelegate.swift in Sources */,
			);
			runOnlyForDeploymentPostprocessing = 0;
		};
/* End PBXSourcesBuildPhase section */

/* Begin PBXVariantGroup section */
		B77E403F243439E20045EF61 /* Main.storyboard */ = {
			isa = PBXVariantGroup;
			children = (
				B77E4040243439E20045EF61 /* Base */,
			);
			name = Main.storyboard;
			sourceTree = "<group>";
		};
		B77E4044243439E30045EF61 /* LaunchScreen.storyboard */ = {
			isa = PBXVariantGroup;
			children = (
				B77E4045243439E30045EF61 /* Base */,
			);
			name = LaunchScreen.storyboard;
			sourceTree = "<group>";
		};
/* End PBXVariantGroup section */

/* Begin XCBuildConfiguration section */
		B77E4048243439E30045EF61 /* Debug */ = {
			isa = XCBuildConfiguration;
			buildSettings = {
				ALWAYS_SEARCH_USER_PATHS = NO;
				CLANG_ANALYZER_NONNULL = YES;
				CLANG_ANALYZER_NUMBER_OBJECT_CONVERSION = YES_AGGRESSIVE;
				CLANG_CXX_LANGUAGE_STANDARD = "gnu++14";
				CLANG_CXX_LIBRARY = "libc++";
				CLANG_ENABLE_MODULES = YES;
				CLANG_ENABLE_OBJC_ARC = YES;
				CLANG_ENABLE_OBJC_WEAK = YES;
				CLANG_WARN_BLOCK_CAPTURE_AUTORELEASING = YES;
				CLANG_WARN_BOOL_CONVERSION = YES;
				CLANG_WARN_COMMA = YES;
				CLANG_WARN_CONSTANT_CONVERSION = YES;
				CLANG_WARN_DEPRECATED_OBJC_IMPLEMENTATIONS = YES;
				CLANG_WARN_DIRECT_OBJC_ISA_USAGE = YES_ERROR;
				CLANG_WARN_DOCUMENTATION_COMMENTS = YES;
				CLANG_WARN_EMPTY_BODY = YES;
				CLANG_WARN_ENUM_CONVERSION = YES;
				CLANG_WARN_INFINITE_RECURSION = YES;
				CLANG_WARN_INT_CONVERSION = YES;
				CLANG_WARN_NON_LITERAL_NULL_CONVERSION = YES;
				CLANG_WARN_OBJC_IMPLICIT_RETAIN_SELF = YES;
				CLANG_WARN_OBJC_LITERAL_CONVERSION = YES;
				CLANG_WARN_OBJC_ROOT_CLASS = YES_ERROR;
				CLANG_WARN_RANGE_LOOP_ANALYSIS = YES;
				CLANG_WARN_STRICT_PROTOTYPES = YES;
				CLANG_WARN_SUSPICIOUS_MOVE = YES;
				CLANG_WARN_UNGUARDED_AVAILABILITY = YES_AGGRESSIVE;
				CLANG_WARN_UNREACHABLE_CODE = YES;
				CLANG_WARN__DUPLICATE_METHOD_MATCH = YES;
				COPY_PHASE_STRIP = NO;
				DEBUG_INFORMATION_FORMAT = dwarf;
				ENABLE_STRICT_OBJC_MSGSEND = YES;
				ENABLE_TESTABILITY = YES;
				GCC_C_LANGUAGE_STANDARD = gnu11;
				GCC_DYNAMIC_NO_PIC = NO;
				GCC_NO_COMMON_BLOCKS = YES;
				GCC_OPTIMIZATION_LEVEL = 0;
				GCC_PREPROCESSOR_DEFINITIONS = (
					"DEBUG=1",
					"$(inherited)",
				);
				GCC_WARN_64_TO_32_BIT_CONVERSION = YES;
				GCC_WARN_ABOUT_RETURN_TYPE = YES_ERROR;
				GCC_WARN_UNDECLARED_SELECTOR = YES;
				GCC_WARN_UNINITIALIZED_AUTOS = YES_AGGRESSIVE;
				GCC_WARN_UNUSED_FUNCTION = YES;
				GCC_WARN_UNUSED_VARIABLE = YES;
				IPHONEOS_DEPLOYMENT_TARGET = 13.4;
				MTL_ENABLE_DEBUG_INFO = INCLUDE_SOURCE;
				MTL_FAST_MATH = YES;
				ONLY_ACTIVE_ARCH = YES;
				SDKROOT = iphoneos;
				SWIFT_ACTIVE_COMPILATION_CONDITIONS = DEBUG;
				SWIFT_OPTIMIZATION_LEVEL = "-Onone";
			};
			name = Debug;
		};
		B77E4049243439E30045EF61 /* Release */ = {
			isa = XCBuildConfiguration;
			buildSettings = {
				ALWAYS_SEARCH_USER_PATHS = NO;
				CLANG_ANALYZER_NONNULL = YES;
				CLANG_ANALYZER_NUMBER_OBJECT_CONVERSION = YES_AGGRESSIVE;
				CLANG_CXX_LANGUAGE_STANDARD = "gnu++14";
				CLANG_CXX_LIBRARY = "libc++";
				CLANG_ENABLE_MODULES = YES;
				CLANG_ENABLE_OBJC_ARC = YES;
				CLANG_ENABLE_OBJC_WEAK = YES;
				CLANG_WARN_BLOCK_CAPTURE_AUTORELEASING = YES;
				CLANG_WARN_BOOL_CONVERSION = YES;
				CLANG_WARN_COMMA = YES;
				CLANG_WARN_CONSTANT_CONVERSION = YES;
				CLANG_WARN_DEPRECATED_OBJC_IMPLEMENTATIONS = YES;
				CLANG_WARN_DIRECT_OBJC_ISA_USAGE = YES_ERROR;
				CLANG_WARN_DOCUMENTATION_COMMENTS = YES;
				CLANG_WARN_EMPTY_BODY = YES;
				CLANG_WARN_ENUM_CONVERSION = YES;
				CLANG_WARN_INFINITE_RECURSION = YES;
				CLANG_WARN_INT_CONVERSION = YES;
				CLANG_WARN_NON_LITERAL_NULL_CONVERSION = YES;
				CLANG_WARN_OBJC_IMPLICIT_RETAIN_SELF = YES;
				CLANG_WARN_OBJC_LITERAL_CONVERSION = YES;
				CLANG_WARN_OBJC_ROOT_CLASS = YES_ERROR;
				CLANG_WARN_RANGE_LOOP_ANALYSIS = YES;
				CLANG_WARN_STRICT_PROTOTYPES = YES;
				CLANG_WARN_SUSPICIOUS_MOVE = YES;
				CLANG_WARN_UNGUARDED_AVAILABILITY = YES_AGGRESSIVE;
				CLANG_WARN_UNREACHABLE_CODE = YES;
				CLANG_WARN__DUPLICATE_METHOD_MATCH = YES;
				COPY_PHASE_STRIP = NO;
				DEBUG_INFORMATION_FORMAT = "dwarf-with-dsym";
				ENABLE_NS_ASSERTIONS = NO;
				ENABLE_STRICT_OBJC_MSGSEND = YES;
				GCC_C_LANGUAGE_STANDARD = gnu11;
				GCC_NO_COMMON_BLOCKS = YES;
				GCC_WARN_64_TO_32_BIT_CONVERSION = YES;
				GCC_WARN_ABOUT_RETURN_TYPE = YES_ERROR;
				GCC_WARN_UNDECLARED_SELECTOR = YES;
				GCC_WARN_UNINITIALIZED_AUTOS = YES_AGGRESSIVE;
				GCC_WARN_UNUSED_FUNCTION = YES;
				GCC_WARN_UNUSED_VARIABLE = YES;
				IPHONEOS_DEPLOYMENT_TARGET = 13.4;
				MTL_ENABLE_DEBUG_INFO = NO;
				MTL_FAST_MATH = YES;
				SDKROOT = iphoneos;
				SWIFT_COMPILATION_MODE = wholemodule;
				SWIFT_OPTIMIZATION_LEVEL = "-O";
				VALIDATE_PRODUCT = YES;
			};
			name = Release;
		};
		B77E404B243439E30045EF61 /* Debug */ = {
			isa = XCBuildConfiguration;
			baseConfigurationReference = 5BDAFEA4F0BF565A10721B6A /* Pods-starcc.debug.xcconfig */;
			buildSettings = {
				ASSETCATALOG_COMPILER_APPICON_NAME = AppIcon;
				CODE_SIGN_STYLE = Automatic;
				DEVELOPMENT_TEAM = 2VB5MH6274;
				INFOPLIST_FILE = starcc/Info.plist;
				LD_RUNPATH_SEARCH_PATHS = (
					"$(inherited)",
					"@executable_path/Frameworks",
				);
				PRODUCT_BUNDLE_IDENTIFIER = com.starcc.greenit;
				PRODUCT_NAME = "$(TARGET_NAME)";
				SWIFT_VERSION = 5.0;
				TARGETED_DEVICE_FAMILY = "1,2";
			};
			name = Debug;
		};
		B77E404C243439E30045EF61 /* Release */ = {
			isa = XCBuildConfiguration;
			baseConfigurationReference = 36319FCC20BFA99066BDB658 /* Pods-starcc.release.xcconfig */;
			buildSettings = {
				ASSETCATALOG_COMPILER_APPICON_NAME = AppIcon;
				CODE_SIGN_STYLE = Automatic;
				DEVELOPMENT_TEAM = 2VB5MH6274;
				INFOPLIST_FILE = starcc/Info.plist;
				LD_RUNPATH_SEARCH_PATHS = (
					"$(inherited)",
					"@executable_path/Frameworks",
				);
				PRODUCT_BUNDLE_IDENTIFIER = com.starcc.greenit;
				PRODUCT_NAME = "$(TARGET_NAME)";
				SWIFT_VERSION = 5.0;
				TARGETED_DEVICE_FAMILY = "1,2";
			};
			name = Release;
		};
/* End XCBuildConfiguration section */

/* Begin XCConfigurationList section */
		B77E4031243439E20045EF61 /* Build configuration list for PBXProject "starcc" */ = {
			isa = XCConfigurationList;
			buildConfigurations = (
				B77E4048243439E30045EF61 /* Debug */,
				B77E4049243439E30045EF61 /* Release */,
			);
			defaultConfigurationIsVisible = 0;
			defaultConfigurationName = Release;
		};
		B77E404A243439E30045EF61 /* Build configuration list for PBXNativeTarget "starcc" */ = {
			isa = XCConfigurationList;
			buildConfigurations = (
				B77E404B243439E30045EF61 /* Debug */,
				B77E404C243439E30045EF61 /* Release */,
			);
			defaultConfigurationIsVisible = 0;
			defaultConfigurationName = Release;
		};
/* End XCConfigurationList section */
	};
	rootObject = B77E402E243439E20045EF61 /* Project object */;
}
